[[package]]
name = "aho-corasick"
version = "0.4.0"
source = "registry+https://github.com/rust-lang/crates.io-index"
dependencies = [
 "memchr 0.1.7 (registry+https://github.com/rust-lang/crates.io-index)",
]

[[package]]
name = "libc"
version = "0.2.4"
source = "registry+https://github.com/rust-lang/crates.io-index"

[[package]]
name = "mdcollate"
version = "0.0.1"
dependencies = [
 "regex 0.1.46 (registry+https://github.com/rust-lang/crates.io-index)",
]

[[package]]
name = "memchr"
version = "0.1.7"
source = "registry+https://github.com/rust-lang/crates.io-index"
dependencies = [
 "libc 0.2.4 (registry+https://github.com/rust-lang/crates.io-index)",
]

[[package]]
name = "regex"
version = "0.1.46"
source = "registry+https://github.com/rust-lang/crates.io-index"
dependencies = [
 "aho-corasick 0.4.0 (registry+https://github.com/rust-lang/crates.io-index)",
 "memchr 0.1.7 (registry+https://github.com/rust-lang/crates.io-index)",
 "regex-syntax 0.2.2 (registry+https://github.com/rust-lang/crates.io-index)",
]

[[package]]
name = "regex-syntax"
version = "0.2.2"
source = "registry+https://github.com/rust-lang/crates.io-index"

[metadata]
"checksum aho-corasick 0.4.0 (registry+https://github.com/rust-lang/crates.io-index)" = "8f36f237c490deb976b38aca6369182dceb5a7af249aabf41c0ba5a964bac5ed"
"checksum libc 0.2.4 (registry+https://github.com/rust-lang/crates.io-index)" = "10569e57695cc2c91ca4214357907649c9e242dc822c9ae623d0e0b0d68aa4d9"
"checksum memchr 0.1.7 (registry+https://github.com/rust-lang/crates.io-index)" = "dc66b0957bf6ae6590681ceac49b0df16823d43037d49aaf2ee658d483af30ab"
"checksum regex 0.1.46 (registry+https://github.com/rust-lang/crates.io-index)" = "e9184b07397782b0df7b34f1827fb20b83dee079639b6689226b15b05dff4225"
"checksum regex-syntax 0.2.2 (registry+https://github.com/rust-lang/crates.io-index)" = "fcf1e805b0a23c845be2a303136d840a1511284727bc1f1fc32d079552ef901f"
